
Microsoft Visual Studio Solution File, Format Version 12.00
# Visual Studio Version 16
VisualStudioVersion = 16.0.30907.101
MinimumVisualStudioVersion = 10.0.40219.1
Project("{9A19103F-16F7-4668-BE54-9A1E7A4F7556}") = "KampIntro", "KampIntro\KampIntro.csproj", "{8C2F219D-D451-4247-BE59-5D4564D30C5C}"
EndProject
Project("{9A19103F-16F7-4668-BE54-9A1E7A4F7556}") = "Donguler", "Donguler\Donguler.csproj", "{4A9BA8E3-32E6-4B99-A0A3-AEB0F6C15C6F}"
EndProject
Project("{9A19103F-16F7-4668-BE54-9A1E7A4F7556}") = "ClassIntro", "ClassIntro\ClassIntro.csproj", "{B59C7669-306F-411A-A4D8-B5602832FC37}"
EndProject
Project("{9A19103F-16F7-4668-BE54-9A1E7A4F7556}") = "Day2", "Day2\Day2.csproj", "{FA1C9984-50BC-41A7-B110-28D3EF654F98}"
EndProject
Project("{9A19103F-16F7-4668-BE54-9A1E7A4F7556}") = "Metotlar", "Metotlar\Metotlar.csproj", "{DC595912-110B-412E-B9F7-663FB6284ACD}"
EndProject
Project("{9A19103F-16F7-4668-BE54-9A1E7A4F7556}") = "Matematik", "Matematik\Matematik.csproj", "{61E893B4-7E44-4AAA-BE52-801DC87C254F}"
EndProject
Project("{9A19103F-16F7-4668-BE54-9A1E7A4F7556}") = "DegerveReferansTipler", "DegerveReferansTipler\DegerveReferansTipler.csproj", "{7C946A65-C907-4F87-9300-573ADB1FAD10}"
EndProject
Project("{9A19103F-16F7-4668-BE54-9A1E7A4F7556}") = "ClassMetotDemo", "ClassMetotDemo\ClassMetotDemo.csproj", "{C131EF0B-4999-46FE-8EE1-28BFA69404B6}"
EndProject
Project("{9A19103F-16F7-4668-BE54-9A1E7A4F7556}") = "OOP1", "OOP1\OOP1.csproj", "{D3B09B26-98CB-4A6A-86C5-95AE35608BFF}"
EndProject
Project("{9A19103F-16F7-4668-BE54-9A1E7A4F7556}") = "Koleksiyonlar", "Koleksiyonlar\Koleksiyonlar.csproj", "{EDDC4852-206B-4881-A76A-2416402A15FB}"
EndProject
Project("{9A19103F-16F7-4668-BE54-9A1E7A4F7556}") = "GenericsIntro", "GenericsIntro\GenericsIntro.csproj", "{78F1A6F9-E137-41E5-98DF-C27C779173CF}"
EndProject
Project("{9A19103F-16F7-4668-BE54-9A1E7A4F7556}") = "ReferenceTypes", "ReferenceTypes\ReferenceTypes.csproj", "{E2B3448C-C2D3-4664-8336-4FF64A3C6169}"
EndProject
Project("{9A19103F-16F7-4668-BE54-9A1E7A4F7556}") = "Constructors", "Constructors\Constructors.csproj", "{8870B107-12AC-40DC-B05E-5638476D2226}"
EndProject
Project("{9A19103F-16F7-4668-BE54-9A1E7A4F7556}") = "Generics", "Generics\Generics.csproj", "{B0E29F65-65BC-4218-A85C-1460627EE57D}"
EndProject
Project("{9A19103F-16F7-4668-BE54-9A1E7A4F7556}") = "Dictionary", "Dictionary\Dictionary.csproj", "{F9354544-09FE-49EF-B005-EEE0B11F14AE}"
EndProject
Project("{9A19103F-16F7-4668-BE54-9A1E7A4F7556}") = "OOP2", "OOP2\OOP2.csproj", "{1A0A42B3-2749-4C39-8302-32B4CDCABE0A}"
EndProject
Project("{9A19103F-16F7-4668-BE54-9A1E7A4F7556}") = "OOP3", "OOP3\OOP3.csproj", "{6B76A73B-827A-481F-8E1A-EAFE36E3DC3A}"
EndProject
Project("{FAE04EC0-301F-11D3-BF4B-00C04F79EFBC}") = "RecapDemo1", "RecapDemo\RecapDemo1.csproj", "{BFD632B1-5DAA-482D-8280-98EF8B14B57A}"
EndProject
Project("{9A19103F-16F7-4668-BE54-9A1E7A4F7556}") = "Interfaces", "Interfaces\Interfaces.csproj", "{A6355037-5768-4558-AC56-3235C03E620B}"
EndProject
Project("{9A19103F-16F7-4668-BE54-9A1E7A4F7556}") = "InterfacesDemo", "InterfacesDemo\InterfacesDemo.csproj", "{FEEE079F-FDC2-41F4-9EF4-DAA46A1B3D75}"
EndProject
Project("{9A19103F-16F7-4668-BE54-9A1E7A4F7556}") = "Inheritance", "Inheritance\Inheritance.csproj", "{1CC14AC7-81AB-45C5-BA53-4FA9EC1B8DD6}"
EndProject
Project("{9A19103F-16F7-4668-BE54-9A1E7A4F7556}") = "Interfaces2", "Interfaces2\Interfaces2.csproj", "{02742651-70DA-4183-9B91-4EAF4A0B963E}"
EndProject
Project("{FAE04EC0-301F-11D3-BF4B-00C04F79EFBC}") = "InterfaceAbstractDemo", "InterfaceAbstractDemo\InterfaceAbstractDemo.csproj", "{EF8764F8-1A05-4BBB-AD02-AE2582AC1620}"
EndProject
Global
	GlobalSection(SolutionConfigurationPlatforms) = preSolution
		Debug|Any CPU = Debug|Any CPU
		Release|Any CPU = Release|Any CPU
	EndGlobalSection
	GlobalSection(ProjectConfigurationPlatforms) = postSolution
		{8C2F219D-D451-4247-BE59-5D4564D30C5C}.Debug|Any CPU.ActiveCfg = Debug|Any CPU
		{8C2F219D-D451-4247-BE59-5D4564D30C5C}.Debug|Any CPU.Build.0 = Debug|Any CPU
		{8C2F219D-D451-4247-BE59-5D4564D30C5C}.Release|Any CPU.ActiveCfg = Release|Any CPU
		{8C2F219D-D451-4247-BE59-5D4564D30C5C}.Release|Any CPU.Build.0 = Release|Any CPU
		{4A9BA8E3-32E6-4B99-A0A3-AEB0F6C15C6F}.Debug|Any CPU.ActiveCfg = Debug|Any CPU
		{4A9BA8E3-32E6-4B99-A0A3-AEB0F6C15C6F}.Debug|Any CPU.Build.0 = Debug|Any CPU
		{4A9BA8E3-32E6-4B99-A0A3-AEB0F6C15C6F}.Release|Any CPU.ActiveCfg = Release|Any CPU
		{4A9BA8E3-32E6-4B99-A0A3-AEB0F6C15C6F}.Release|Any CPU.Build.0 = Release|Any CPU
		{B59C7669-306F-411A-A4D8-B5602832FC37}.Debug|Any CPU.ActiveCfg = Debug|Any CPU
		{B59C7669-306F-411A-A4D8-B5602832FC37}.Debug|Any CPU.Build.0 = Debug|Any CPU
		{B59C7669-306F-411A-A4D8-B5602832FC37}.Release|Any CPU.ActiveCfg = Release|Any CPU
		{B59C7669-306F-411A-A4D8-B5602832FC37}.Release|Any CPU.Build.0 = Release|Any CPU
		{FA1C9984-50BC-41A7-B110-28D3EF654F98}.Debug|Any CPU.ActiveCfg = Debug|Any CPU
		{FA1C9984-50BC-41A7-B110-28D3EF654F98}.Debug|Any CPU.Build.0 = Debug|Any CPU
		{FA1C9984-50BC-41A7-B110-28D3EF654F98}.Release|Any CPU.ActiveCfg = Release|Any CPU
		{FA1C9984-50BC-41A7-B110-28D3EF654F98}.Release|Any CPU.Build.0 = Release|Any CPU
		{DC595912-110B-412E-B9F7-663FB6284ACD}.Debug|Any CPU.ActiveCfg = Debug|Any CPU
		{DC595912-110B-412E-B9F7-663FB6284ACD}.Debug|Any CPU.Build.0 = Debug|Any CPU
		{DC595912-110B-412E-B9F7-663FB6284ACD}.Release|Any CPU.ActiveCfg = Release|Any CPU
		{DC595912-110B-412E-B9F7-663FB6284ACD}.Release|Any CPU.Build.0 = Release|Any CPU
		{61E893B4-7E44-4AAA-BE52-801DC87C254F}.Debug|Any CPU.ActiveCfg = Debug|Any CPU
		{61E893B4-7E44-4AAA-BE52-801DC87C254F}.Debug|Any CPU.Build.0 = Debug|Any CPU
		{61E893B4-7E44-4AAA-BE52-801DC87C254F}.Release|Any CPU.ActiveCfg = Release|Any CPU
		{61E893B4-7E44-4AAA-BE52-801DC87C254F}.Release|Any CPU.Build.0 = Release|Any CPU
		{7C946A65-C907-4F87-9300-573ADB1FAD10}.Debug|Any CPU.ActiveCfg = Debug|Any CPU
		{7C946A65-C907-4F87-9300-573ADB1FAD10}.Debug|Any CPU.Build.0 = Debug|Any CPU
		{7C946A65-C907-4F87-9300-573ADB1FAD10}.Release|Any CPU.ActiveCfg = Release|Any CPU
		{7C946A65-C907-4F87-9300-573ADB1FAD10}.Release|Any CPU.Build.0 = Release|Any CPU
		{C131EF0B-4999-46FE-8EE1-28BFA69404B6}.Debug|Any CPU.ActiveCfg = Debug|Any CPU
		{C131EF0B-4999-46FE-8EE1-28BFA69404B6}.Debug|Any CPU.Build.0 = Debug|Any CPU
		{C131EF0B-4999-46FE-8EE1-28BFA69404B6}.Release|Any CPU.ActiveCfg = Release|Any CPU
		{C131EF0B-4999-46FE-8EE1-28BFA69404B6}.Release|Any CPU.Build.0 = Release|Any CPU
		{D3B09B26-98CB-4A6A-86C5-95AE35608BFF}.Debug|Any CPU.ActiveCfg = Debug|Any CPU
		{D3B09B26-98CB-4A6A-86C5-95AE35608BFF}.Debug|Any CPU.Build.0 = Debug|Any CPU
		{D3B09B26-98CB-4A6A-86C5-95AE35608BFF}.Release|Any CPU.ActiveCfg = Release|Any CPU
		{D3B09B26-98CB-4A6A-86C5-95AE35608BFF}.Release|Any CPU.Build.0 = Release|Any CPU
		{EDDC4852-206B-4881-A76A-2416402A15FB}.Debug|Any CPU.ActiveCfg = Debug|Any CPU
		{EDDC4852-206B-4881-A76A-2416402A15FB}.Debug|Any CPU.Build.0 = Debug|Any CPU
		{EDDC4852-206B-4881-A76A-2416402A15FB}.Release|Any CPU.ActiveCfg = Release|Any CPU
		{EDDC4852-206B-4881-A76A-2416402A15FB}.Release|Any CPU.Build.0 = Release|Any CPU
		{78F1A6F9-E137-41E5-98DF-C27C779173CF}.Debug|Any CPU.ActiveCfg = Debug|Any CPU
		{78F1A6F9-E137-41E5-98DF-C27C779173CF}.Debug|Any CPU.Build.0 = Debug|Any CPU
		{78F1A6F9-E137-41E5-98DF-C27C779173CF}.Release|Any CPU.ActiveCfg = Release|Any CPU
		{78F1A6F9-E137-41E5-98DF-C27C779173CF}.Release|Any CPU.Build.0 = Release|Any CPU
		{E2B3448C-C2D3-4664-8336-4FF64A3C6169}.Debug|Any CPU.ActiveCfg = Debug|Any CPU
		{E2B3448C-C2D3-4664-8336-4FF64A3C6169}.Debug|Any CPU.Build.0 = Debug|Any CPU
		{E2B3448C-C2D3-4664-8336-4FF64A3C6169}.Release|Any CPU.ActiveCfg = Release|Any CPU
		{E2B3448C-C2D3-4664-8336-4FF64A3C6169}.Release|Any CPU.Build.0 = Release|Any CPU
		{8870B107-12AC-40DC-B05E-5638476D2226}.Debug|Any CPU.ActiveCfg = Debug|Any CPU
		{8870B107-12AC-40DC-B05E-5638476D2226}.Debug|Any CPU.Build.0 = Debug|Any CPU
		{8870B107-12AC-40DC-B05E-5638476D2226}.Release|Any CPU.ActiveCfg = Release|Any CPU
		{8870B107-12AC-40DC-B05E-5638476D2226}.Release|Any CPU.Build.0 = Release|Any CPU
		{B0E29F65-65BC-4218-A85C-1460627EE57D}.Debug|Any CPU.ActiveCfg = Debug|Any CPU
		{B0E29F65-65BC-4218-A85C-1460627EE57D}.Debug|Any CPU.Build.0 = Debug|Any CPU
		{B0E29F65-65BC-4218-A85C-1460627EE57D}.Release|Any CPU.ActiveCfg = Release|Any CPU
		{B0E29F65-65BC-4218-A85C-1460627EE57D}.Release|Any CPU.Build.0 = Release|Any CPU
		{F9354544-09FE-49EF-B005-EEE0B11F14AE}.Debug|Any CPU.ActiveCfg = Debug|Any CPU
		{F9354544-09FE-49EF-B005-EEE0B11F14AE}.Debug|Any CPU.Build.0 = Debug|Any CPU
		{F9354544-09FE-49EF-B005-EEE0B11F14AE}.Release|Any CPU.ActiveCfg = Release|Any CPU
		{F9354544-09FE-49EF-B005-EEE0B11F14AE}.Release|Any CPU.Build.0 = Release|Any CPU
		{1A0A42B3-2749-4C39-8302-32B4CDCABE0A}.Debug|Any CPU.ActiveCfg = Debug|Any CPU
		{1A0A42B3-2749-4C39-8302-32B4CDCABE0A}.Debug|Any CPU.Build.0 = Debug|Any CPU
		{1A0A42B3-2749-4C39-8302-32B4CDCABE0A}.Release|Any CPU.ActiveCfg = Release|Any CPU
		{1A0A42B3-2749-4C39-8302-32B4CDCABE0A}.Release|Any CPU.Build.0 = Release|Any CPU
		{6B76A73B-827A-481F-8E1A-EAFE36E3DC3A}.Debug|Any CPU.ActiveCfg = Debug|Any CPU
		{6B76A73B-827A-481F-8E1A-EAFE36E3DC3A}.Debug|Any CPU.Build.0 = Debug|Any CPU
		{6B76A73B-827A-481F-8E1A-EAFE36E3DC3A}.Release|Any CPU.ActiveCfg = Release|Any CPU
		{6B76A73B-827A-481F-8E1A-EAFE36E3DC3A}.Release|Any CPU.Build.0 = Release|Any CPU
		{BFD632B1-5DAA-482D-8280-98EF8B14B57A}.Debug|Any CPU.ActiveCfg = Debug|Any CPU
		{BFD632B1-5DAA-482D-8280-98EF8B14B57A}.Debug|Any CPU.Build.0 = Debug|Any CPU
		{BFD632B1-5DAA-482D-8280-98EF8B14B57A}.Release|Any CPU.ActiveCfg = Release|Any CPU
		{BFD632B1-5DAA-482D-8280-98EF8B14B57A}.Release|Any CPU.Build.0 = Release|Any CPU
		{A6355037-5768-4558-AC56-3235C03E620B}.Debug|Any CPU.ActiveCfg = Debug|Any CPU
		{A6355037-5768-4558-AC56-3235C03E620B}.Debug|Any CPU.Build.0 = Debug|Any CPU
		{A6355037-5768-4558-AC56-3235C03E620B}.Release|Any CPU.ActiveCfg = Release|Any CPU
		{A6355037-5768-4558-AC56-3235C03E620B}.Release|Any CPU.Build.0 = Release|Any CPU
		{FEEE079F-FDC2-41F4-9EF4-DAA46A1B3D75}.Debug|Any CPU.ActiveCfg = Debug|Any CPU
		{FEEE079F-FDC2-41F4-9EF4-DAA46A1B3D75}.Debug|Any CPU.Build.0 = Debug|Any CPU
		{FEEE079F-FDC2-41F4-9EF4-DAA46A1B3D75}.Release|Any CPU.ActiveCfg = Release|Any CPU
		{FEEE079F-FDC2-41F4-9EF4-DAA46A1B3D75}.Release|Any CPU.Build.0 = Release|Any CPU
		{1CC14AC7-81AB-45C5-BA53-4FA9EC1B8DD6}.Debug|Any CPU.ActiveCfg = Debug|Any CPU
		{1CC14AC7-81AB-45C5-BA53-4FA9EC1B8DD6}.Debug|Any CPU.Build.0 = Debug|Any CPU
		{1CC14AC7-81AB-45C5-BA53-4FA9EC1B8DD6}.Release|Any CPU.ActiveCfg = Release|Any CPU
		{1CC14AC7-81AB-45C5-BA53-4FA9EC1B8DD6}.Release|Any CPU.Build.0 = Release|Any CPU
		{02742651-70DA-4183-9B91-4EAF4A0B963E}.Debug|Any CPU.ActiveCfg = Debug|Any CPU
		{02742651-70DA-4183-9B91-4EAF4A0B963E}.Debug|Any CPU.Build.0 = Debug|Any CPU
		{02742651-70DA-4183-9B91-4EAF4A0B963E}.Release|Any CPU.ActiveCfg = Release|Any CPU
		{02742651-70DA-4183-9B91-4EAF4A0B963E}.Release|Any CPU.Build.0 = Release|Any CPU
		{EF8764F8-1A05-4BBB-AD02-AE2582AC1620}.Debug|Any CPU.ActiveCfg = Debug|Any CPU
		{EF8764F8-1A05-4BBB-AD02-AE2582AC1620}.Debug|Any CPU.Build.0 = Debug|Any CPU
		{EF8764F8-1A05-4BBB-AD02-AE2582AC1620}.Release|Any CPU.ActiveCfg = Release|Any CPU
		{EF8764F8-1A05-4BBB-AD02-AE2582AC1620}.Release|Any CPU.Build.0 = Release|Any CPU
	EndGlobalSection
	GlobalSection(SolutionProperties) = preSolution
		HideSolutionNode = FALSE
	EndGlobalSection
	GlobalSection(ExtensibilityGlobals) = postSolution
		SolutionGuid = {574657B9-8D09-4847-9397-A36286DB17E8}
	EndGlobalSection
EndGlobal
